
Microsoft Visual Studio Solution File, Format Version 12.00
# Visual Studio Version 17
VisualStudioVersion = 17.7.34031.279
MinimumVisualStudioVersion = 10.0.40219.1
Project("{FAE04EC0-301F-11D3-BF4B-00C04F79EFBC}") = "BocharovaLanguage", "BocharovaLanguage\BocharovaLanguage.csproj", "{307DEE75-7A4A-4991-88E4-9AEC44EB5E29}"
EndProject
Global
	GlobalSection(SolutionConfigurationPlatforms) = preSolution
		Debug|Any CPU = Debug|Any CPU
		Release|Any CPU = Release|Any CPU
	EndGlobalSection
	GlobalSection(ProjectConfigurationPlatforms) = postSolution
		{307DEE75-7A4A-4991-88E4-9AEC44EB5E29}.Debug|Any CPU.ActiveCfg = Debug|Any CPU
		{307DEE75-7A4A-4991-88E4-9AEC44EB5E29}.Debug|Any CPU.Build.0 = Debug|Any CPU
		{307DEE75-7A4A-4991-88E4-9AEC44EB5E29}.Release|Any CPU.ActiveCfg = Release|Any CPU
		{307DEE75-7A4A-4991-88E4-9AEC44EB5E29}.Release|Any CPU.Build.0 = Release|Any CPU
	EndGlobalSection
	GlobalSection(SolutionProperties) = preSolution
		HideSolutionNode = FALSE
	EndGlobalSection
	GlobalSection(ExtensibilityGlobals) = postSolution
		SolutionGuid = {D9B8780C-BD6D-4B30-9E29-1C5441522E37}
	EndGlobalSection
EndGlobal
